
Microsoft Visual Studio Solution File, Format Version 12.00
# Visual Studio 15
VisualStudioVersion = 15.0.27703.2026
MinimumVisualStudioVersion = 10.0.40219.1
Project("{9A19103F-16F7-4668-BE54-9A1E7A4F7556}") = "Parallel.Compression", "parallel-compression\Parallel.Compression.csproj", "{76E2CE83-73C0-42A3-B2FD-60DB9FD0C2F7}"
EndProject
Project("{9A19103F-16F7-4668-BE54-9A1E7A4F7556}") = "Parallel.Compression.Tests", "parallel_compression.tests\Parallel.Compression.Tests.csproj", "{738D9617-C4FD-4D96-89A8-66A179839BF5}"
EndProject
Project("{FAE04EC0-301F-11D3-BF4B-00C04F79EFBC}") = "Parallel.Compression.BenchmarkTests", "Parallel.Compression.BenchmarkTests\Parallel.Compression.BenchmarkTests.csproj", "{AC7AA980-8E8D-4DE4-94DD-5CA615C727A6}"
EndProject
Project("{FAE04EC0-301F-11D3-BF4B-00C04F79EFBC}") = "Parallel.Compression.Cli", "Parallel.Compression.Cli\Parallel.Compression.Cli.csproj", "{2985D3B7-0D66-4618-95BA-0F8F8AB2B830}"
EndProject
Project("{FAE04EC0-301F-11D3-BF4B-00C04F79EFBC}") = "Parallel.Compression.Console", "Parallel.Compression.Console\Parallel.Compression.Console.csproj", "{BA321093-9D8B-4E5D-97F3-1A901E6C052B}"
EndProject
Project("{FAE04EC0-301F-11D3-BF4B-00C04F79EFBC}") = "GZipTest", "GZipTest\GZipTest.csproj", "{A3D03DBD-ED3E-47AC-9778-10A78A8C1452}"
EndProject
Global
	GlobalSection(SolutionConfigurationPlatforms) = preSolution
		Debug|Any CPU = Debug|Any CPU
		Release|Any CPU = Release|Any CPU
	EndGlobalSection
	GlobalSection(ProjectConfigurationPlatforms) = postSolution
		{76E2CE83-73C0-42A3-B2FD-60DB9FD0C2F7}.Debug|Any CPU.ActiveCfg = Debug|Any CPU
		{76E2CE83-73C0-42A3-B2FD-60DB9FD0C2F7}.Debug|Any CPU.Build.0 = Debug|Any CPU
		{76E2CE83-73C0-42A3-B2FD-60DB9FD0C2F7}.Release|Any CPU.ActiveCfg = Release|Any CPU
		{76E2CE83-73C0-42A3-B2FD-60DB9FD0C2F7}.Release|Any CPU.Build.0 = Release|Any CPU
		{738D9617-C4FD-4D96-89A8-66A179839BF5}.Debug|Any CPU.ActiveCfg = Debug|Any CPU
		{738D9617-C4FD-4D96-89A8-66A179839BF5}.Debug|Any CPU.Build.0 = Debug|Any CPU
		{738D9617-C4FD-4D96-89A8-66A179839BF5}.Release|Any CPU.ActiveCfg = Release|Any CPU
		{738D9617-C4FD-4D96-89A8-66A179839BF5}.Release|Any CPU.Build.0 = Release|Any CPU
		{AC7AA980-8E8D-4DE4-94DD-5CA615C727A6}.Debug|Any CPU.ActiveCfg = Debug|Any CPU
		{AC7AA980-8E8D-4DE4-94DD-5CA615C727A6}.Debug|Any CPU.Build.0 = Debug|Any CPU
		{AC7AA980-8E8D-4DE4-94DD-5CA615C727A6}.Release|Any CPU.ActiveCfg = Release|Any CPU
		{AC7AA980-8E8D-4DE4-94DD-5CA615C727A6}.Release|Any CPU.Build.0 = Release|Any CPU
		{2985D3B7-0D66-4618-95BA-0F8F8AB2B830}.Debug|Any CPU.ActiveCfg = Debug|Any CPU
		{2985D3B7-0D66-4618-95BA-0F8F8AB2B830}.Debug|Any CPU.Build.0 = Debug|Any CPU
		{2985D3B7-0D66-4618-95BA-0F8F8AB2B830}.Release|Any CPU.ActiveCfg = Release|Any CPU
		{2985D3B7-0D66-4618-95BA-0F8F8AB2B830}.Release|Any CPU.Build.0 = Release|Any CPU
		{BA321093-9D8B-4E5D-97F3-1A901E6C052B}.Debug|Any CPU.ActiveCfg = Debug|Any CPU
		{BA321093-9D8B-4E5D-97F3-1A901E6C052B}.Debug|Any CPU.Build.0 = Debug|Any CPU
		{BA321093-9D8B-4E5D-97F3-1A901E6C052B}.Release|Any CPU.ActiveCfg = Release|Any CPU
		{BA321093-9D8B-4E5D-97F3-1A901E6C052B}.Release|Any CPU.Build.0 = Release|Any CPU
		{A3D03DBD-ED3E-47AC-9778-10A78A8C1452}.Debug|Any CPU.ActiveCfg = Debug|Any CPU
		{A3D03DBD-ED3E-47AC-9778-10A78A8C1452}.Debug|Any CPU.Build.0 = Debug|Any CPU
		{A3D03DBD-ED3E-47AC-9778-10A78A8C1452}.Release|Any CPU.ActiveCfg = Release|Any CPU
		{A3D03DBD-ED3E-47AC-9778-10A78A8C1452}.Release|Any CPU.Build.0 = Release|Any CPU
	EndGlobalSection
	GlobalSection(SolutionProperties) = preSolution
		HideSolutionNode = FALSE
	EndGlobalSection
	GlobalSection(ExtensibilityGlobals) = postSolution
		SolutionGuid = {A32DC575-57D1-48FC-A304-3FEE5F5A4ADA}
	EndGlobalSection
EndGlobal
